
Microsoft Visual Studio Solution File, Format Version 12.00
# Visual Studio Version 17
VisualStudioVersion = 17.8.34525.116
MinimumVisualStudioVersion = 10.0.40219.1
Project("{9A19103F-16F7-4668-BE54-9A1E7A4F7556}") = "DebugLibrary", "DebugLibrary\DebugLibrary.csproj", "{1C18AB2F-2CCD-4978-949E-747F534312B7}"
EndProject
Project("{9A19103F-16F7-4668-BE54-9A1E7A4F7556}") = "DebugApp", "DebugApp\DebugApp.csproj", "{0F1CFF91-15E8-49D8-B5EC-1D844FC10DE0}"
EndProject
Project("{9A19103F-16F7-4668-BE54-9A1E7A4F7556}") = "DebugTests", "DebugTests\DebugTests.csproj", "{1E8AE28E-AE6D-49AD-AF12-FB9DBBD2F19F}"
EndProject
Project("{FAE04EC0-301F-11D3-BF4B-00C04F79EFBC}") = "PointersApp", "PointersApp\PointersApp.csproj", "{61186ACB-3904-4FFC-BD2D-7778A32B03E7}"
EndProject
Global
	GlobalSection(SolutionConfigurationPlatforms) = preSolution
		Debug|Any CPU = Debug|Any CPU
		Release|Any CPU = Release|Any CPU
	EndGlobalSection
	GlobalSection(ProjectConfigurationPlatforms) = postSolution
		{1C18AB2F-2CCD-4978-949E-747F534312B7}.Debug|Any CPU.ActiveCfg = Debug|Any CPU
		{1C18AB2F-2CCD-4978-949E-747F534312B7}.Debug|Any CPU.Build.0 = Debug|Any CPU
		{1C18AB2F-2CCD-4978-949E-747F534312B7}.Release|Any CPU.ActiveCfg = Release|Any CPU
		{1C18AB2F-2CCD-4978-949E-747F534312B7}.Release|Any CPU.Build.0 = Release|Any CPU
		{0F1CFF91-15E8-49D8-B5EC-1D844FC10DE0}.Debug|Any CPU.ActiveCfg = Debug|Any CPU
		{0F1CFF91-15E8-49D8-B5EC-1D844FC10DE0}.Debug|Any CPU.Build.0 = Debug|Any CPU
		{0F1CFF91-15E8-49D8-B5EC-1D844FC10DE0}.Release|Any CPU.ActiveCfg = Release|Any CPU
		{0F1CFF91-15E8-49D8-B5EC-1D844FC10DE0}.Release|Any CPU.Build.0 = Release|Any CPU
		{1E8AE28E-AE6D-49AD-AF12-FB9DBBD2F19F}.Debug|Any CPU.ActiveCfg = Debug|Any CPU
		{1E8AE28E-AE6D-49AD-AF12-FB9DBBD2F19F}.Debug|Any CPU.Build.0 = Debug|Any CPU
		{1E8AE28E-AE6D-49AD-AF12-FB9DBBD2F19F}.Release|Any CPU.ActiveCfg = Release|Any CPU
		{1E8AE28E-AE6D-49AD-AF12-FB9DBBD2F19F}.Release|Any CPU.Build.0 = Release|Any CPU
		{61186ACB-3904-4FFC-BD2D-7778A32B03E7}.Debug|Any CPU.ActiveCfg = Debug|Any CPU
		{61186ACB-3904-4FFC-BD2D-7778A32B03E7}.Debug|Any CPU.Build.0 = Debug|Any CPU
		{61186ACB-3904-4FFC-BD2D-7778A32B03E7}.Release|Any CPU.ActiveCfg = Release|Any CPU
		{61186ACB-3904-4FFC-BD2D-7778A32B03E7}.Release|Any CPU.Build.0 = Release|Any CPU
	EndGlobalSection
	GlobalSection(SolutionProperties) = preSolution
		HideSolutionNode = FALSE
	EndGlobalSection
	GlobalSection(ExtensibilityGlobals) = postSolution
		SolutionGuid = {C03AB73C-784F-4243-835C-D4F76B18F699}
	EndGlobalSection
EndGlobal
